
Microsoft Visual Studio Solution File, Format Version 12.00
# Visual Studio 15
VisualStudioVersion = 15.0.28307.1705
MinimumVisualStudioVersion = 10.0.40219.1
Project("{FAE04EC0-301F-11D3-BF4B-00C04F79EFBC}") = "Encapsulation", "Encapsulation\Encapsulation.csproj", "{E6D7378A-DED9-432A-9381-7A7527DAA340}"
EndProject
Global
	GlobalSection(SolutionConfigurationPlatforms) = preSolution
		Debug|Any CPU = Debug|Any CPU
		Release|Any CPU = Release|Any CPU
	EndGlobalSection
	GlobalSection(ProjectConfigurationPlatforms) = postSolution
		{E6D7378A-DED9-432A-9381-7A7527DAA340}.Debug|Any CPU.ActiveCfg = Debug|Any CPU
		{E6D7378A-DED9-432A-9381-7A7527DAA340}.Debug|Any CPU.Build.0 = Debug|Any CPU
		{E6D7378A-DED9-432A-9381-7A7527DAA340}.Release|Any CPU.ActiveCfg = Release|Any CPU
		{E6D7378A-DED9-432A-9381-7A7527DAA340}.Release|Any CPU.Build.0 = Release|Any CPU
	EndGlobalSection
	GlobalSection(SolutionProperties) = preSolution
		HideSolutionNode = FALSE
	EndGlobalSection
	GlobalSection(ExtensibilityGlobals) = postSolution
		SolutionGuid = {7DB5A3A2-DC5A-4D22-BDDB-55FAF01F0020}
	EndGlobalSection
EndGlobal
