
Microsoft Visual Studio Solution File, Format Version 12.00
# Visual Studio Version 16
VisualStudioVersion = 16.0.31729.503
MinimumVisualStudioVersion = 10.0.40219.1
Project("{FAE04EC0-301F-11D3-BF4B-00C04F79EFBC}") = "EvIsi30122021", "EvIsi30122021\EvIsi30122021.csproj", "{508A9723-9C26-4D9A-A5FC-94203BC81FFF}"
EndProject
Global
	GlobalSection(SolutionConfigurationPlatforms) = preSolution
		Debug|Any CPU = Debug|Any CPU
		Release|Any CPU = Release|Any CPU
	EndGlobalSection
	GlobalSection(ProjectConfigurationPlatforms) = postSolution
		{508A9723-9C26-4D9A-A5FC-94203BC81FFF}.Debug|Any CPU.ActiveCfg = Debug|Any CPU
		{508A9723-9C26-4D9A-A5FC-94203BC81FFF}.Debug|Any CPU.Build.0 = Debug|Any CPU
		{508A9723-9C26-4D9A-A5FC-94203BC81FFF}.Release|Any CPU.ActiveCfg = Release|Any CPU
		{508A9723-9C26-4D9A-A5FC-94203BC81FFF}.Release|Any CPU.Build.0 = Release|Any CPU
	EndGlobalSection
	GlobalSection(SolutionProperties) = preSolution
		HideSolutionNode = FALSE
	EndGlobalSection
	GlobalSection(ExtensibilityGlobals) = postSolution
		SolutionGuid = {6E83DCB9-125C-4927-ADF0-B9FC43604C38}
	EndGlobalSection
EndGlobal
