
Microsoft Visual Studio Solution File, Format Version 12.00
# Visual Studio 15
VisualStudioVersion = 15.0.28307.1705
MinimumVisualStudioVersion = 10.0.40219.1
Project("{FAE04EC0-301F-11D3-BF4B-00C04F79EFBC}") = "OOP - Classes", "OOP - Classes\OOP - Classes.csproj", "{59B322FF-EF81-4BDC-A70F-DE7F1B986A8D}"
EndProject
Global
	GlobalSection(SolutionConfigurationPlatforms) = preSolution
		Debug|Any CPU = Debug|Any CPU
		Release|Any CPU = Release|Any CPU
	EndGlobalSection
	GlobalSection(ProjectConfigurationPlatforms) = postSolution
		{59B322FF-EF81-4BDC-A70F-DE7F1B986A8D}.Debug|Any CPU.ActiveCfg = Debug|Any CPU
		{59B322FF-EF81-4BDC-A70F-DE7F1B986A8D}.Debug|Any CPU.Build.0 = Debug|Any CPU
		{59B322FF-EF81-4BDC-A70F-DE7F1B986A8D}.Release|Any CPU.ActiveCfg = Release|Any CPU
		{59B322FF-EF81-4BDC-A70F-DE7F1B986A8D}.Release|Any CPU.Build.0 = Release|Any CPU
	EndGlobalSection
	GlobalSection(SolutionProperties) = preSolution
		HideSolutionNode = FALSE
	EndGlobalSection
	GlobalSection(ExtensibilityGlobals) = postSolution
		SolutionGuid = {EC0ABAC2-D875-422D-847A-2A95A863484F}
	EndGlobalSection
EndGlobal
