
Microsoft Visual Studio Solution File, Format Version 12.00
# Visual Studio 15
VisualStudioVersion = 15.0.28307.1705
MinimumVisualStudioVersion = 10.0.40219.1
Project("{FAE04EC0-301F-11D3-BF4B-00C04F79EFBC}") = "Inheritance Part 2", "Inheritance Part 2\Inheritance Part 2.csproj", "{969EBAC8-FB3D-4514-9E68-56CB466F073E}"
EndProject
Project("{FAE04EC0-301F-11D3-BF4B-00C04F79EFBC}") = "Inheritance Part 3", "Inheritance Part 3\Inheritance Part 3.csproj", "{3F894035-909D-41C5-985E-4E313DCE9113}"
EndProject
Global
	GlobalSection(SolutionConfigurationPlatforms) = preSolution
		Debug|Any CPU = Debug|Any CPU
		Release|Any CPU = Release|Any CPU
	EndGlobalSection
	GlobalSection(ProjectConfigurationPlatforms) = postSolution
		{969EBAC8-FB3D-4514-9E68-56CB466F073E}.Debug|Any CPU.ActiveCfg = Debug|Any CPU
		{969EBAC8-FB3D-4514-9E68-56CB466F073E}.Debug|Any CPU.Build.0 = Debug|Any CPU
		{969EBAC8-FB3D-4514-9E68-56CB466F073E}.Release|Any CPU.ActiveCfg = Release|Any CPU
		{969EBAC8-FB3D-4514-9E68-56CB466F073E}.Release|Any CPU.Build.0 = Release|Any CPU
		{3F894035-909D-41C5-985E-4E313DCE9113}.Debug|Any CPU.ActiveCfg = Debug|Any CPU
		{3F894035-909D-41C5-985E-4E313DCE9113}.Debug|Any CPU.Build.0 = Debug|Any CPU
		{3F894035-909D-41C5-985E-4E313DCE9113}.Release|Any CPU.ActiveCfg = Release|Any CPU
		{3F894035-909D-41C5-985E-4E313DCE9113}.Release|Any CPU.Build.0 = Release|Any CPU
	EndGlobalSection
	GlobalSection(SolutionProperties) = preSolution
		HideSolutionNode = FALSE
	EndGlobalSection
	GlobalSection(ExtensibilityGlobals) = postSolution
		SolutionGuid = {C4BF33CF-06A1-4D34-BF0B-7A4FB3FBD561}
	EndGlobalSection
EndGlobal
