
Microsoft Visual Studio Solution File, Format Version 12.00
# Visual Studio 15
VisualStudioVersion = 15.0.28307.1705
MinimumVisualStudioVersion = 10.0.40219.1
Project("{FAE04EC0-301F-11D3-BF4B-00C04F79EFBC}") = "Special Operators", "Special Operators\Special Operators.csproj", "{1E10AEB9-1C4E-4A27-BDBF-FBB565E0AD05}"
EndProject
Global
	GlobalSection(SolutionConfigurationPlatforms) = preSolution
		Debug|Any CPU = Debug|Any CPU
		Release|Any CPU = Release|Any CPU
	EndGlobalSection
	GlobalSection(ProjectConfigurationPlatforms) = postSolution
		{1E10AEB9-1C4E-4A27-BDBF-FBB565E0AD05}.Debug|Any CPU.ActiveCfg = Debug|Any CPU
		{1E10AEB9-1C4E-4A27-BDBF-FBB565E0AD05}.Debug|Any CPU.Build.0 = Debug|Any CPU
		{1E10AEB9-1C4E-4A27-BDBF-FBB565E0AD05}.Release|Any CPU.ActiveCfg = Release|Any CPU
		{1E10AEB9-1C4E-4A27-BDBF-FBB565E0AD05}.Release|Any CPU.Build.0 = Release|Any CPU
	EndGlobalSection
	GlobalSection(SolutionProperties) = preSolution
		HideSolutionNode = FALSE
	EndGlobalSection
	GlobalSection(ExtensibilityGlobals) = postSolution
		SolutionGuid = {7BB074C0-29B3-45EE-A067-DA9C90D54D58}
	EndGlobalSection
EndGlobal
