
Microsoft Visual Studio Solution File, Format Version 12.00
# Visual Studio 15
VisualStudioVersion = 15.0.28307.1705
MinimumVisualStudioVersion = 10.0.40219.1
Project("{FAE04EC0-301F-11D3-BF4B-00C04F79EFBC}") = "CalcStudentAverage", "CalcStudentAverage\CalcStudentAverage.csproj", "{031104D7-78C0-4937-9713-D0B88FD8A86E}"
EndProject
Global
	GlobalSection(SolutionConfigurationPlatforms) = preSolution
		Debug|Any CPU = Debug|Any CPU
		Release|Any CPU = Release|Any CPU
	EndGlobalSection
	GlobalSection(ProjectConfigurationPlatforms) = postSolution
		{031104D7-78C0-4937-9713-D0B88FD8A86E}.Debug|Any CPU.ActiveCfg = Debug|Any CPU
		{031104D7-78C0-4937-9713-D0B88FD8A86E}.Debug|Any CPU.Build.0 = Debug|Any CPU
		{031104D7-78C0-4937-9713-D0B88FD8A86E}.Release|Any CPU.ActiveCfg = Release|Any CPU
		{031104D7-78C0-4937-9713-D0B88FD8A86E}.Release|Any CPU.Build.0 = Release|Any CPU
	EndGlobalSection
	GlobalSection(SolutionProperties) = preSolution
		HideSolutionNode = FALSE
	EndGlobalSection
	GlobalSection(ExtensibilityGlobals) = postSolution
		SolutionGuid = {014896B0-C40E-4348-9F06-ADE45A6D1F66}
	EndGlobalSection
EndGlobal
