
Microsoft Visual Studio Solution File, Format Version 12.00
# Visual Studio 15
VisualStudioVersion = 15.0.28307.1705
MinimumVisualStudioVersion = 10.0.40219.1
Project("{FAE04EC0-301F-11D3-BF4B-00C04F79EFBC}") = "DirectoryFileOperations", "DirectoryFileOperations\DirectoryFileOperations.csproj", "{87A87B89-2314-4592-97D1-0885DAC718DD}"
EndProject
Project("{FAE04EC0-301F-11D3-BF4B-00C04F79EFBC}") = "EmployeeManagementSystem", "EmployeeManagementSystem\EmployeeManagementSystem.csproj", "{5DCF2E3F-C397-4AC4-A0F6-3E3CE070A514}"
EndProject
Project("{FAE04EC0-301F-11D3-BF4B-00C04F79EFBC}") = "HomeWork", "HomeWork\HomeWork.csproj", "{B1822F81-5AA6-4593-95CC-87D2EA8F66DD}"
EndProject
Global
	GlobalSection(SolutionConfigurationPlatforms) = preSolution
		Debug|Any CPU = Debug|Any CPU
		Release|Any CPU = Release|Any CPU
	EndGlobalSection
	GlobalSection(ProjectConfigurationPlatforms) = postSolution
		{87A87B89-2314-4592-97D1-0885DAC718DD}.Debug|Any CPU.ActiveCfg = Debug|Any CPU
		{87A87B89-2314-4592-97D1-0885DAC718DD}.Debug|Any CPU.Build.0 = Debug|Any CPU
		{87A87B89-2314-4592-97D1-0885DAC718DD}.Release|Any CPU.ActiveCfg = Release|Any CPU
		{87A87B89-2314-4592-97D1-0885DAC718DD}.Release|Any CPU.Build.0 = Release|Any CPU
		{5DCF2E3F-C397-4AC4-A0F6-3E3CE070A514}.Debug|Any CPU.ActiveCfg = Debug|Any CPU
		{5DCF2E3F-C397-4AC4-A0F6-3E3CE070A514}.Debug|Any CPU.Build.0 = Debug|Any CPU
		{5DCF2E3F-C397-4AC4-A0F6-3E3CE070A514}.Release|Any CPU.ActiveCfg = Release|Any CPU
		{5DCF2E3F-C397-4AC4-A0F6-3E3CE070A514}.Release|Any CPU.Build.0 = Release|Any CPU
		{B1822F81-5AA6-4593-95CC-87D2EA8F66DD}.Debug|Any CPU.ActiveCfg = Debug|Any CPU
		{B1822F81-5AA6-4593-95CC-87D2EA8F66DD}.Debug|Any CPU.Build.0 = Debug|Any CPU
		{B1822F81-5AA6-4593-95CC-87D2EA8F66DD}.Release|Any CPU.ActiveCfg = Release|Any CPU
		{B1822F81-5AA6-4593-95CC-87D2EA8F66DD}.Release|Any CPU.Build.0 = Release|Any CPU
	EndGlobalSection
	GlobalSection(SolutionProperties) = preSolution
		HideSolutionNode = FALSE
	EndGlobalSection
	GlobalSection(ExtensibilityGlobals) = postSolution
		SolutionGuid = {7DBA4EEB-7541-4BBE-A657-E15D51B08A89}
	EndGlobalSection
EndGlobal
