
Microsoft Visual Studio Solution File, Format Version 12.00
# Visual Studio 15
VisualStudioVersion = 15.0.28307.1705
MinimumVisualStudioVersion = 10.0.40219.1
Project("{FAE04EC0-301F-11D3-BF4B-00C04F79EFBC}") = "Loops Part 2", "Loops Part 2\Loops Part 2.csproj", "{34D1A9A2-78C0-4879-AB4D-56B378DFE6BB}"
EndProject
Global
	GlobalSection(SolutionConfigurationPlatforms) = preSolution
		Debug|Any CPU = Debug|Any CPU
		Release|Any CPU = Release|Any CPU
	EndGlobalSection
	GlobalSection(ProjectConfigurationPlatforms) = postSolution
		{34D1A9A2-78C0-4879-AB4D-56B378DFE6BB}.Debug|Any CPU.ActiveCfg = Debug|Any CPU
		{34D1A9A2-78C0-4879-AB4D-56B378DFE6BB}.Debug|Any CPU.Build.0 = Debug|Any CPU
		{34D1A9A2-78C0-4879-AB4D-56B378DFE6BB}.Release|Any CPU.ActiveCfg = Release|Any CPU
		{34D1A9A2-78C0-4879-AB4D-56B378DFE6BB}.Release|Any CPU.Build.0 = Release|Any CPU
	EndGlobalSection
	GlobalSection(SolutionProperties) = preSolution
		HideSolutionNode = FALSE
	EndGlobalSection
	GlobalSection(ExtensibilityGlobals) = postSolution
		SolutionGuid = {0DDB98CD-464A-452A-9C94-79BAC8992DAB}
	EndGlobalSection
EndGlobal
