
Microsoft Visual Studio Solution File, Format Version 12.00
# Visual Studio 15
VisualStudioVersion = 15.0.28307.1705
MinimumVisualStudioVersion = 10.0.40219.1
Project("{FAE04EC0-301F-11D3-BF4B-00C04F79EFBC}") = "WindowsFormsAppPart6", "WindowsFormsAppPart6\WindowsFormsAppPart6.csproj", "{08DF79DB-BF78-4795-A3BD-4EF2F5B0FF96}"
EndProject
Project("{FAE04EC0-301F-11D3-BF4B-00C04F79EFBC}") = "Homework", "Homework\Homework.csproj", "{12C7AC17-A2F9-4E90-A9FC-4186CF4769AA}"
EndProject
Global
	GlobalSection(SolutionConfigurationPlatforms) = preSolution
		Debug|Any CPU = Debug|Any CPU
		Release|Any CPU = Release|Any CPU
	EndGlobalSection
	GlobalSection(ProjectConfigurationPlatforms) = postSolution
		{08DF79DB-BF78-4795-A3BD-4EF2F5B0FF96}.Debug|Any CPU.ActiveCfg = Debug|Any CPU
		{08DF79DB-BF78-4795-A3BD-4EF2F5B0FF96}.Debug|Any CPU.Build.0 = Debug|Any CPU
		{08DF79DB-BF78-4795-A3BD-4EF2F5B0FF96}.Release|Any CPU.ActiveCfg = Release|Any CPU
		{08DF79DB-BF78-4795-A3BD-4EF2F5B0FF96}.Release|Any CPU.Build.0 = Release|Any CPU
		{12C7AC17-A2F9-4E90-A9FC-4186CF4769AA}.Debug|Any CPU.ActiveCfg = Debug|Any CPU
		{12C7AC17-A2F9-4E90-A9FC-4186CF4769AA}.Debug|Any CPU.Build.0 = Debug|Any CPU
		{12C7AC17-A2F9-4E90-A9FC-4186CF4769AA}.Release|Any CPU.ActiveCfg = Release|Any CPU
		{12C7AC17-A2F9-4E90-A9FC-4186CF4769AA}.Release|Any CPU.Build.0 = Release|Any CPU
	EndGlobalSection
	GlobalSection(SolutionProperties) = preSolution
		HideSolutionNode = FALSE
	EndGlobalSection
	GlobalSection(ExtensibilityGlobals) = postSolution
		SolutionGuid = {E04F0CF2-9F86-4B69-8149-A97C075CCCB5}
	EndGlobalSection
EndGlobal
